<?xml version="1.0" encoding="utf-8"?>
<Project ToolsVersion="4.0" xmlns="http://schemas.microsoft.com/developer/msbuild/2003">
  <ItemGroup>
    <Filter Include="Source Files">
      <UniqueIdentifier>{4FC737F1-C7A5-4376-A066-2A32D752A2FF}</UniqueIdentifier>
      <Extensions>cpp;c;cc;cxx;c++;cppm;ixx;def;odl;idl;hpj;bat;asm;asmx</Extensions>
    </Filter>
    <Filter Include="Header Files">
      <UniqueIdentifier>{93995380-89BD-4b04-88EB-625FBE52EBFB}</UniqueIdentifier>
      <Extensions>h;hh;hpp;hxx;h++;hm;inl;inc;ipp;xsd</Extensions>
    </Filter>
    <Filter Include="Resource Files">
      <UniqueIdentifier>{67DA6AB6-F800-4c08-8B7A-83BB121AAD01}</UniqueIdentifier>
      <Extensions>rc;ico;cur;bmp;dlg;rc2;rct;bin;rgs;gif;jpg;jpeg;jpe;resx;tiff;tif;png;wav;mfcribbon-ms</Extensions>
    </Filter>
    <Filter Include="Reference">
      <UniqueIdentifier>{1b51bb4a-7ebb-4553-9e6a-4e47bb337e62}</UniqueIdentifier>
    </Filter>
    <Filter Include="Header Files\Scene Header">
      <UniqueIdentifier>{dd463f84-e56f-488c-939e-fb3c959b6c6e}</UniqueIdentifier>
    </Filter>
    <Filter Include="Header Files\Scene Header\TitleState">
      <UniqueIdentifier>{60ff4634-6c02-4059-8762-0c628a3dcd4c}</UniqueIdentifier>
    </Filter>
    <Filter Include="Header Files\Scene Header\MenuState">
      <UniqueIdentifier>{b109082e-be84-4685-9cb3-cd3d76764794}</UniqueIdentifier>
    </Filter>
    <Filter Include="Header Files\Scene Header\GameState">
      <UniqueIdentifier>{f7c7f01d-e82e-4a36-94f6-e30d13460c64}</UniqueIdentifier>
    </Filter>
    <Filter Include="Header Files\Scene Header\GameState\Chess">
      <UniqueIdentifier>{ccd07ba9-118f-4159-ac5e-06caab591a36}</UniqueIdentifier>
    </Filter>
    <Filter Include="Source Files\Scene Header">
      <UniqueIdentifier>{018ca47a-a33f-4ad5-9d2f-f20628e6f87b}</UniqueIdentifier>
    </Filter>
    <Filter Include="Header Files\States Manager">
      <UniqueIdentifier>{0948aaa5-b53b-45de-b0b1-0357014d3425}</UniqueIdentifier>
    </Filter>
    <Filter Include="Source Files\States Manager">
      <UniqueIdentifier>{50adc1de-6e13-40e7-9d61-586e691b9c1e}</UniqueIdentifier>
    </Filter>
    <Filter Include="Source Files\Scene Header\GameState">
      <UniqueIdentifier>{06d73a6c-277b-43db-b073-b2fd0d8429e0}</UniqueIdentifier>
    </Filter>
    <Filter Include="Source Files\Scene Header\MenuState">
      <UniqueIdentifier>{2f23dae5-285c-46e5-ad11-da8106ec6a7f}</UniqueIdentifier>
    </Filter>
    <Filter Include="Source Files\Scene Header\TitleState">
      <UniqueIdentifier>{1cb8d038-355f-4c6e-848c-01c1d02e3459}</UniqueIdentifier>
    </Filter>
    <Filter Include="Header Files\Scene Header\PauseState">
      <UniqueIdentifier>{67b2cf41-732f-487d-8249-031291798b02}</UniqueIdentifier>
    </Filter>
    <Filter Include="Source Files\Scene Header\PauseState">
      <UniqueIdentifier>{e8bfdbcb-76d8-41ca-a965-e25910ccbaed}</UniqueIdentifier>
    </Filter>
    <Filter Include="Header Files\Scene Header\MultiplayerGameState">
      <UniqueIdentifier>{15db5241-c366-4791-815d-12d5fcb5bfa9}</UniqueIdentifier>
    </Filter>
    <Filter Include="Source Files\Scene Header\MultiplayerGameState">
      <UniqueIdentifier>{3a0bf8b2-151c-4d1f-82ef-3a055a2bf154}</UniqueIdentifier>
    </Filter>
    <Filter Include="Header Files\GUI">
      <UniqueIdentifier>{b9444b67-c200-4d58-8c19-ce4babf304d3}</UniqueIdentifier>
    </Filter>
  </ItemGroup>
  <ItemGroup>
    <ClCompile Include="Source.cpp">
      <Filter>Resource Files</Filter>
    </ClCompile>
    <ClCompile Include="ResourceHolder.cpp">
      <Filter>Source Files</Filter>
    </ClCompile>
    <ClCompile Include="GameManager.cpp">
      <Filter>Source Files</Filter>
    </ClCompile>
    <ClCompile Include="StateStack.cpp">
      <Filter>Source Files\States Manager</Filter>
    </ClCompile>
    <ClCompile Include="State.cpp">
      <Filter>Source Files\States Manager</Filter>
    </ClCompile>
    <ClCompile Include="Board.cpp">
      <Filter>Source Files\Scene Header\GameState</Filter>
    </ClCompile>
    <ClCompile Include="Chess.cpp">
      <Filter>Source Files\Scene Header\GameState</Filter>
    </ClCompile>
    <ClCompile Include="ChessCommand.cpp">
      <Filter>Source Files\Scene Header\GameState</Filter>
    </ClCompile>
    <ClCompile Include="ChessManager.cpp">
      <Filter>Source Files\Scene Header\GameState</Filter>
    </ClCompile>
    <ClCompile Include="GameState.cpp">
      <Filter>Source Files\Scene Header\GameState</Filter>
    </ClCompile>
    <ClCompile Include="Player.cpp">
      <Filter>Source Files\Scene Header\GameState</Filter>
    </ClCompile>
    <ClCompile Include="MenuState.cpp">
      <Filter>Source Files\Scene Header\MenuState</Filter>
    </ClCompile>
    <ClCompile Include="TitleState.cpp">
      <Filter>Source Files\Scene Header\TitleState</Filter>
    </ClCompile>
    <ClCompile Include="Button.cpp">
      <Filter>Source Files\Scene Header\MenuState</Filter>
    </ClCompile>
    <ClCompile Include="PauseState.cpp">
      <Filter>Source Files\Scene Header\PauseState</Filter>
    </ClCompile>
    <ClCompile Include="MenuView.cpp">
      <Filter>Source Files\Scene Header\MenuState</Filter>
    </ClCompile>
    <ClCompile Include="MultiplayerLobbyState.cpp">
      <Filter>Source Files\Scene Header\MultiplayerGameState</Filter>
    </ClCompile>
    <ClCompile Include="GameServer.cpp">
      <Filter>Source Files\Scene Header\MultiplayerGameState</Filter>
    </ClCompile>
    <ClCompile Include="MultiplayerGameState.cpp">
      <Filter>Source Files\Scene Header\MultiplayerGameState</Filter>
    </ClCompile>
    <ClCompile Include="NetworkProtocol.cpp">
      <Filter>Source Files\Scene Header\MultiplayerGameState</Filter>
    </ClCompile>
    <ClCompile Include="TextBox.cpp">
      <Filter>Source Files</Filter>
    </ClCompile>
    <ClCompile Include="RedIsCeckMate.cpp">
      <Filter>Source Files</Filter>
    </ClCompile>
    <ClCompile Include="BlackIsCheckMate.cpp">
      <Filter>Source Files</Filter>
    </ClCompile>
    <ClCompile Include="BlackIsStalemate.cpp">
      <Filter>Source Files</Filter>
    </ClCompile>
    <ClCompile Include="RedIsStalemate.cpp">
      <Filter>Source Files</Filter>
    </ClCompile>
  </ItemGroup>
  <ItemGroup>
    <ClInclude Include="GameHeader.h">
      <Filter>Header Files</Filter>
    </ClInclude>
    <ClInclude Include="ResourceHolder.h">
      <Filter>Header Files</Filter>
    </ClInclude>
    <ClInclude Include="ChessManager.h">
      <Filter>Header Files\Scene Header\GameState\Chess</Filter>
    </ClInclude>
    <ClInclude Include="Chess.h">
      <Filter>Header Files\Scene Header\GameState\Chess</Filter>
    </ClInclude>
    <ClInclude Include="ChessCommand.h">
      <Filter>Header Files\Scene Header\GameState\Chess</Filter>
    </ClInclude>
    <ClInclude Include="StateStack.h">
      <Filter>Header Files\States Manager</Filter>
    </ClInclude>
    <ClInclude Include="State.h">
      <Filter>Header Files\States Manager</Filter>
    </ClInclude>
    <ClInclude Include="GameState.h">
      <Filter>Header Files\Scene Header\GameState</Filter>
    </ClInclude>
    <ClInclude Include="Board.h">
      <Filter>Header Files\Scene Header\GameState</Filter>
    </ClInclude>
    <ClInclude Include="Player.h">
      <Filter>Header Files\Scene Header\GameState</Filter>
    </ClInclude>
    <ClInclude Include="TitleState.h">
      <Filter>Header Files\Scene Header\TitleState</Filter>
    </ClInclude>
    <ClInclude Include="MenuState.h">
      <Filter>Header Files\Scene Header\MenuState</Filter>
    </ClInclude>
    <ClInclude Include="GameManager.h">
      <Filter>Header Files</Filter>
    </ClInclude>
    <ClInclude Include="PauseState.h">
      <Filter>Header Files\Scene Header\PauseState</Filter>
    </ClInclude>
    <ClInclude Include="MenuView.h">
      <Filter>Header Files\Scene Header\MenuState</Filter>
    </ClInclude>
    <ClInclude Include="MultiplayerGameState.h">
      <Filter>Header Files\Scene Header\MultiplayerGameState</Filter>
    </ClInclude>
    <ClInclude Include="MultiplayerLobbyState.h">
      <Filter>Header Files\Scene Header\MultiplayerGameState</Filter>
    </ClInclude>
    <ClInclude Include="GameServer.h">
      <Filter>Header Files\Scene Header\MultiplayerGameState</Filter>
    </ClInclude>
    <ClInclude Include="NetworkProtocol.h">
      <Filter>Header Files\Scene Header\MultiplayerGameState</Filter>
    </ClInclude>
    <ClInclude Include="Button.h">
      <Filter>Header Files\GUI</Filter>
    </ClInclude>
    <ClInclude Include="TextBox.h">
      <Filter>Header Files\GUI</Filter>
    </ClInclude>
    <ClInclude Include="RedIsCeckMate.h">
      <Filter>Header Files</Filter>
    </ClInclude>
    <ClInclude Include="BlackIsCheckMate.h">
      <Filter>Header Files</Filter>
    </ClInclude>
    <ClInclude Include="BlackIsStalemate.h">
      <Filter>Header Files</Filter>
    </ClInclude>
    <ClInclude Include="RedIsStalemate.h">
      <Filter>Header Files</Filter>
    </ClInclude>
  </ItemGroup>
  <ItemGroup>
    <None Include="Reference\Project2 Grading Sheet.docx">
      <Filter>Reference</Filter>
    </None>
    <None Include="ClassDiagram.cd" />
    <None Include="ClassDiagram1.cd" />
    <None Include="ClassDiagram2.cd" />
  </ItemGroup>
  <ItemGroup>
    <Text Include="Reference\Project2 Grading Sheet.txt">
      <Filter>Reference</Filter>
    </Text>
  </ItemGroup>
</Project>