
Microsoft Visual Studio Solution File, Format Version 12.00
# Visual Studio Version 16
VisualStudioVersion = 16.0.32407.337
MinimumVisualStudioVersion = 10.0.40219.1
Project("{8BC9CEB8-8B4A-11D0-8D11-00A0C91BC942}") = "Chinese_Chess", "Chinese_Chess\Chinese_Chess.vcxproj", "{F9D67D7B-2062-40CF-BAB6-AB15B77DDB08}"
EndProject
Global
	GlobalSection(SolutionConfigurationPlatforms) = preSolution
		Debug|x64 = Debug|x64
		Debug|x86 = Debug|x86
		Release|x64 = Release|x64
		Release|x86 = Release|x86
	EndGlobalSection
	GlobalSection(ProjectConfigurationPlatforms) = postSolution
		{F9D67D7B-2062-40CF-BAB6-AB15B77DDB08}.Debug|x64.ActiveCfg = Debug|x64
		{F9D67D7B-2062-40CF-BAB6-AB15B77DDB08}.Debug|x64.Build.0 = Debug|x64
		{F9D67D7B-2062-40CF-BAB6-AB15B77DDB08}.Debug|x86.ActiveCfg = Debug|Win32
		{F9D67D7B-2062-40CF-BAB6-AB15B77DDB08}.Debug|x86.Build.0 = Debug|Win32
		{F9D67D7B-2062-40CF-BAB6-AB15B77DDB08}.Release|x64.ActiveCfg = Release|x64
		{F9D67D7B-2062-40CF-BAB6-AB15B77DDB08}.Release|x64.Build.0 = Release|x64
		{F9D67D7B-2062-40CF-BAB6-AB15B77DDB08}.Release|x86.ActiveCfg = Release|Win32
		{F9D67D7B-2062-40CF-BAB6-AB15B77DDB08}.Release|x86.Build.0 = Release|Win32
	EndGlobalSection
	GlobalSection(SolutionProperties) = preSolution
		HideSolutionNode = FALSE
	EndGlobalSection
	GlobalSection(ExtensibilityGlobals) = postSolution
		SolutionGuid = {4492F739-3E7E-4359-B664-5B6FA83528E3}
	EndGlobalSection
EndGlobal
